
Microsoft Visual Studio Solution File, Format Version 12.00
# Visual Studio Version 17
VisualStudioVersion = 17.9.34616.47
MinimumVisualStudioVersion = 10.0.40219.1
Project("{9A19103F-16F7-4668-BE54-9A1E7A4F7556}") = "CreateLogin and Login", "CreateLogin and Login.csproj", "{11A51112-6E75-4B80-BC4A-D867A8CEC244}"
EndProject
Project("{FAE04EC0-301F-11D3-BF4B-00C04F79EFBC}") = "SqlConLib", "..\SqlConLib\SqlConLib.csproj", "{0E934ADB-EBE4-46D8-AA8F-C11D4AA5AD97}"
EndProject
Global
	GlobalSection(SolutionConfigurationPlatforms) = preSolution
		Debug|Any CPU = Debug|Any CPU
		Release|Any CPU = Release|Any CPU
	EndGlobalSection
	GlobalSection(ProjectConfigurationPlatforms) = postSolution
		{11A51112-6E75-4B80-BC4A-D867A8CEC244}.Debug|Any CPU.ActiveCfg = Debug|Any CPU
		{11A51112-6E75-4B80-BC4A-D867A8CEC244}.Debug|Any CPU.Build.0 = Debug|Any CPU
		{11A51112-6E75-4B80-BC4A-D867A8CEC244}.Release|Any CPU.ActiveCfg = Release|Any CPU
		{11A51112-6E75-4B80-BC4A-D867A8CEC244}.Release|Any CPU.Build.0 = Release|Any CPU
		{0E934ADB-EBE4-46D8-AA8F-C11D4AA5AD97}.Debug|Any CPU.ActiveCfg = Debug|Any CPU
		{0E934ADB-EBE4-46D8-AA8F-C11D4AA5AD97}.Debug|Any CPU.Build.0 = Debug|Any CPU
		{0E934ADB-EBE4-46D8-AA8F-C11D4AA5AD97}.Release|Any CPU.ActiveCfg = Release|Any CPU
		{0E934ADB-EBE4-46D8-AA8F-C11D4AA5AD97}.Release|Any CPU.Build.0 = Release|Any CPU
	EndGlobalSection
	GlobalSection(SolutionProperties) = preSolution
		HideSolutionNode = FALSE
	EndGlobalSection
	GlobalSection(ExtensibilityGlobals) = postSolution
		SolutionGuid = {2A62968B-B15E-425F-BDF6-CFD798DCD79C}
	EndGlobalSection
EndGlobal
